// !$*UTF8*$!
{
	archiveVersion = 1;
	classes = {
	};
	objectVersion = 46;
	objects = {

/* Begin PBXBuildFile section */
		431FFE731E0A2FE1007A8EDC /* FiveCell.m in Sources */ = {isa = PBXBuildFile; fileRef = 431FFE6A1E0A2FE1007A8EDC /* FiveCell.m */; };
		431FFE741E0A2FE1007A8EDC /* NineCell.m in Sources */ = {isa = PBXBuildFile; fileRef = 431FFE6C1E0A2FE1007A8EDC /* NineCell.m */; };
		431FFE751E0A2FE1007A8EDC /* SixCell.m in Sources */ = {isa = PBXBuildFile; fileRef = 431FFE6E1E0A2FE1007A8EDC /* SixCell.m */; };
		431FFE761E0A2FE1007A8EDC /* ThreeCell.m in Sources */ = {isa = PBXBuildFile; fileRef = 431FFE701E0A2FE1007A8EDC /* ThreeCell.m */; };
		431FFE771E0A2FE1007A8EDC /* TwoCell.m in Sources */ = {isa = PBXBuildFile; fileRef = 431FFE721E0A2FE1007A8EDC /* TwoCell.m */; };
		431FFE7B1E0A3020007A8EDC /* TopicCell.m in Sources */ = {isa = PBXBuildFile; fileRef = 431FFE7A1E0A3020007A8EDC /* TopicCell.m */; };
		4328E1E01E2C753000BED896 /* UIView+HUD.m in Sources */ = {isa = PBXBuildFile; fileRef = 4328E1DF1E2C753000BED896 /* UIView+HUD.m */; };
		4363612E1E0B5A410068A043 /* Assets.xcassets in Resources */ = {isa = PBXBuildFile; fileRef = 4363612D1E0B5A410068A043 /* Assets.xcassets */; };
		436361321E0B626B0068A043 /* LockScreenLayout.m in Sources */ = {isa = PBXBuildFile; fileRef = 436361311E0B626B0068A043 /* LockScreenLayout.m */; };
		436361351E0B67610068A043 /* LockScreenCell.m in Sources */ = {isa = PBXBuildFile; fileRef = 436361341E0B67610068A043 /* LockScreenCell.m */; };
		436361391E0B6FEE0068A043 /* LockScreenModel.m in Sources */ = {isa = PBXBuildFile; fileRef = 436361381E0B6FEE0068A043 /* LockScreenModel.m */; };
		A110BEFB1E4CAA2C00218222 /* Launch Screen.storyboard in Resources */ = {isa = PBXBuildFile; fileRef = A110BEFA1E4CAA2C00218222 /* Launch Screen.storyboard */; };
		A143FD531E062828006D5EB8 /* WallpaperModel.m in Sources */ = {isa = PBXBuildFile; fileRef = A143FD521E062828006D5EB8 /* WallpaperModel.m */; };
		A143FD561E063B28006D5EB8 /* NSString+WF.m in Sources */ = {isa = PBXBuildFile; fileRef = A143FD551E063B28006D5EB8 /* NSString+WF.m */; };
		A143FD591E063B96006D5EB8 /* NSObject+Parse.m in Sources */ = {isa = PBXBuildFile; fileRef = A143FD581E063B96006D5EB8 /* NSObject+Parse.m */; };
		A143FD5C1E063F38006D5EB8 /* BaseNetmanager.m in Sources */ = {isa = PBXBuildFile; fileRef = A143FD5B1E063F38006D5EB8 /* BaseNetmanager.m */; };
		A143FD5F1E06414E006D5EB8 /* NetManager.m in Sources */ = {isa = PBXBuildFile; fileRef = A143FD5E1E06414E006D5EB8 /* NetManager.m */; };
		A1C9EE501E0D5E37002010DB /* PerfectCoupleCell.m in Sources */ = {isa = PBXBuildFile; fileRef = A1C9EE4F1E0D5E37002010DB /* PerfectCoupleCell.m */; };
		A1DE290A1E332AAB00EBCC99 /* SaveController.m in Sources */ = {isa = PBXBuildFile; fileRef = A1DE29091E332AAB00EBCC99 /* SaveController.m */; };
		A1E556D81E4B49ED002AAB09 /* SaveModel.m in Sources */ = {isa = PBXBuildFile; fileRef = A1E556D71E4B49ED002AAB09 /* SaveModel.m */; };
		A1EFC86C1E053EF300161592 /* main.m in Sources */ = {isa = PBXBuildFile; fileRef = A1EFC86B1E053EF300161592 /* main.m */; };
		A1EFC86F1E053EF300161592 /* AppDelegate.m in Sources */ = {isa = PBXBuildFile; fileRef = A1EFC86E1E053EF300161592 /* AppDelegate.m */; };
		A1EFC8991E05696200161592 /* RecommendedController.m in Sources */ = {isa = PBXBuildFile; fileRef = A1EFC8981E05696200161592 /* RecommendedController.m */; };
		A1EFC89C1E05698C00161592 /* TopicController.m in Sources */ = {isa = PBXBuildFile; fileRef = A1EFC89B1E05698C00161592 /* TopicController.m */; };
		A1EFC8A21E0569AF00161592 /* HomeScreenController.m in Sources */ = {isa = PBXBuildFile; fileRef = A1EFC8A11E0569AF00161592 /* HomeScreenController.m */; };
		A1EFC8A51E0569CA00161592 /* LockedScreenController.m in Sources */ = {isa = PBXBuildFile; fileRef = A1EFC8A41E0569CA00161592 /* LockedScreenController.m */; };
		A1EFC8A81E056A0200161592 /* PerfectCoupleController.m in Sources */ = {isa = PBXBuildFile; fileRef = A1EFC8A71E056A0200161592 /* PerfectCoupleController.m */; };
		A1EFC8AB1E056A3A00161592 /* PeopleWatchingController.m in Sources */ = {isa = PBXBuildFile; fileRef = A1EFC8AA1E056A3A00161592 /* PeopleWatchingController.m */; };
		A1EFC8AE1E056A4E00161592 /* LatestController.m in Sources */ = {isa = PBXBuildFile; fileRef = A1EFC8AD1E056A4E00161592 /* LatestController.m */; };
		A1EFC8B11E056A6100161592 /* MostPopularController.m in Sources */ = {isa = PBXBuildFile; fileRef = A1EFC8B01E056A6100161592 /* MostPopularController.m */; };
		A1EFC8B41E056A6D00161592 /* BoysController.m in Sources */ = {isa = PBXBuildFile; fileRef = A1EFC8B31E056A6D00161592 /* BoysController.m */; };
		A1EFC8B71E056A7800161592 /* GirlsController.m in Sources */ = {isa = PBXBuildFile; fileRef = A1EFC8B61E056A7800161592 /* GirlsController.m */; };
		A1EFC8BA1E056A9900161592 /* WordWallpapersController.m in Sources */ = {isa = PBXBuildFile; fileRef = A1EFC8B91E056A9900161592 /* WordWallpapersController.m */; };
		A1EFC8BD1E056AB200161592 /* ChatBackgroundsController.m in Sources */ = {isa = PBXBuildFile; fileRef = A1EFC8BC1E056AB200161592 /* ChatBackgroundsController.m */; };
		A1EFC8C01E056AC400161592 /* ProfilePicsController.m in Sources */ = {isa = PBXBuildFile; fileRef = A1EFC8BF1E056AC400161592 /* ProfilePicsController.m */; };
		A1F0AB671E323DA400CABE27 /* ClearCacheTool.m in Sources */ = {isa = PBXBuildFile; fileRef = A1F0AB661E323DA400CABE27 /* ClearCacheTool.m */; };
		A1FCC3991E0E1E5000C2AFC1 /* MostPopularLayout.m in Sources */ = {isa = PBXBuildFile; fileRef = A1FCC3981E0E1E5000C2AFC1 /* MostPopularLayout.m */; };
		A1FCC39C1E0F9E4800C2AFC1 /* MostPopularCell.m in Sources */ = {isa = PBXBuildFile; fileRef = A1FCC39B1E0F9E4800C2AFC1 /* MostPopularCell.m */; };
		A1FCC3A01E0FFA4E00C2AFC1 /* ProfilePicsLayout.m in Sources */ = {isa = PBXBuildFile; fileRef = A1FCC39F1E0FFA4E00C2AFC1 /* ProfilePicsLayout.m */; };
		A1FCC3A31E0FFB0D00C2AFC1 /* ProfilePicCell.m in Sources */ = {isa = PBXBuildFile; fileRef = A1FCC3A21E0FFB0D00C2AFC1 /* ProfilePicCell.m */; };
		A1FCC3A61E10043500C2AFC1 /* PicController.m in Sources */ = {isa = PBXBuildFile; fileRef = A1FCC3A51E10043500C2AFC1 /* PicController.m */; };
		BBFCBBCD7FAF8323CA812228 /* libPods-极简壁纸.a in Frameworks */ = {isa = PBXBuildFile; fileRef = CC10060E6D2B4FB6E2707CBE /* libPods-极简壁纸.a */; };
/* End PBXBuildFile section */

/* Begin PBXFileReference section */
		431FFE691E0A2FE1007A8EDC /* FiveCell.h */ = {isa = PBXFileReference; fileEncoding = 4; lastKnownFileType = sourcecode.c.h; path = FiveCell.h; sourceTree = "<group>"; };
		431FFE6A1E0A2FE1007A8EDC /* FiveCell.m */ = {isa = PBXFileReference; fileEncoding = 4; lastKnownFileType = sourcecode.c.objc; path = FiveCell.m; sourceTree = "<group>"; };
		431FFE6B1E0A2FE1007A8EDC /* NineCell.h */ = {isa = PBXFileReference; fileEncoding = 4; lastKnownFileType = sourcecode.c.h; path = NineCell.h; sourceTree = "<group>"; };
		431FFE6C1E0A2FE1007A8EDC /* NineCell.m */ = {isa = PBXFileReference; fileEncoding = 4; lastKnownFileType = sourcecode.c.objc; path = NineCell.m; sourceTree = "<group>"; };
		431FFE6D1E0A2FE1007A8EDC /* SixCell.h */ = {isa = PBXFileReference; fileEncoding = 4; lastKnownFileType = sourcecode.c.h; path = SixCell.h; sourceTree = "<group>"; };
		431FFE6E1E0A2FE1007A8EDC /* SixCell.m */ = {isa = PBXFileReference; fileEncoding = 4; lastKnownFileType = sourcecode.c.objc; path = SixCell.m; sourceTree = "<group>"; };
		431FFE6F1E0A2FE1007A8EDC /* ThreeCell.h */ = {isa = PBXFileReference; fileEncoding = 4; lastKnownFileType = sourcecode.c.h; path = ThreeCell.h; sourceTree = "<group>"; };
		431FFE701E0A2FE1007A8EDC /* ThreeCell.m */ = {isa = PBXFileReference; fileEncoding = 4; lastKnownFileType = sourcecode.c.objc; path = ThreeCell.m; sourceTree = "<group>"; };
		431FFE711E0A2FE1007A8EDC /* TwoCell.h */ = {isa = PBXFileReference; fileEncoding = 4; lastKnownFileType = sourcecode.c.h; path = TwoCell.h; sourceTree = "<group>"; };
		431FFE721E0A2FE1007A8EDC /* TwoCell.m */ = {isa = PBXFileReference; fileEncoding = 4; lastKnownFileType = sourcecode.c.objc; path = TwoCell.m; sourceTree = "<group>"; };
		431FFE791E0A3020007A8EDC /* TopicCell.h */ = {isa = PBXFileReference; fileEncoding = 4; lastKnownFileType = sourcecode.c.h; path = TopicCell.h; sourceTree = "<group>"; };
		431FFE7A1E0A3020007A8EDC /* TopicCell.m */ = {isa = PBXFileReference; fileEncoding = 4; lastKnownFileType = sourcecode.c.objc; path = TopicCell.m; sourceTree = "<group>"; };
		4328E1DE1E2C753000BED896 /* UIView+HUD.h */ = {isa = PBXFileReference; fileEncoding = 4; lastKnownFileType = sourcecode.c.h; path = "UIView+HUD.h"; sourceTree = "<group>"; };
		4328E1DF1E2C753000BED896 /* UIView+HUD.m */ = {isa = PBXFileReference; fileEncoding = 4; lastKnownFileType = sourcecode.c.objc; path = "UIView+HUD.m"; sourceTree = "<group>"; };
		4342C40D1E31C2FE001649AB /* DefineAppKey.h */ = {isa = PBXFileReference; lastKnownFileType = sourcecode.c.h; path = DefineAppKey.h; sourceTree = "<group>"; };
		4363612D1E0B5A410068A043 /* Assets.xcassets */ = {isa = PBXFileReference; lastKnownFileType = folder.assetcatalog; path = Assets.xcassets; sourceTree = "<group>"; };
		436361301E0B626B0068A043 /* LockScreenLayout.h */ = {isa = PBXFileReference; fileEncoding = 4; lastKnownFileType = sourcecode.c.h; path = LockScreenLayout.h; sourceTree = "<group>"; };
		436361311E0B626B0068A043 /* LockScreenLayout.m */ = {isa = PBXFileReference; fileEncoding = 4; lastKnownFileType = sourcecode.c.objc; path = LockScreenLayout.m; sourceTree = "<group>"; };
		436361331E0B67610068A043 /* LockScreenCell.h */ = {isa = PBXFileReference; fileEncoding = 4; lastKnownFileType = sourcecode.c.h; path = LockScreenCell.h; sourceTree = "<group>"; };
		436361341E0B67610068A043 /* LockScreenCell.m */ = {isa = PBXFileReference; fileEncoding = 4; lastKnownFileType = sourcecode.c.objc; path = LockScreenCell.m; sourceTree = "<group>"; };
		436361371E0B6FEE0068A043 /* LockScreenModel.h */ = {isa = PBXFileReference; fileEncoding = 4; lastKnownFileType = sourcecode.c.h; path = LockScreenModel.h; sourceTree = "<group>"; };
		436361381E0B6FEE0068A043 /* LockScreenModel.m */ = {isa = PBXFileReference; fileEncoding = 4; lastKnownFileType = sourcecode.c.objc; path = LockScreenModel.m; sourceTree = "<group>"; };
		A110BEFA1E4CAA2C00218222 /* Launch Screen.storyboard */ = {isa = PBXFileReference; fileEncoding = 4; lastKnownFileType = file.storyboard; path = "Launch Screen.storyboard"; sourceTree = "<group>"; };
		A143FD511E062828006D5EB8 /* WallpaperModel.h */ = {isa = PBXFileReference; fileEncoding = 4; lastKnownFileType = sourcecode.c.h; path = WallpaperModel.h; sourceTree = "<group>"; };
		A143FD521E062828006D5EB8 /* WallpaperModel.m */ = {isa = PBXFileReference; fileEncoding = 4; lastKnownFileType = sourcecode.c.objc; path = WallpaperModel.m; sourceTree = "<group>"; };
		A143FD541E063B28006D5EB8 /* NSString+WF.h */ = {isa = PBXFileReference; fileEncoding = 4; lastKnownFileType = sourcecode.c.h; path = "NSString+WF.h"; sourceTree = "<group>"; };
		A143FD551E063B28006D5EB8 /* NSString+WF.m */ = {isa = PBXFileReference; fileEncoding = 4; lastKnownFileType = sourcecode.c.objc; path = "NSString+WF.m"; sourceTree = "<group>"; };
		A143FD571E063B96006D5EB8 /* NSObject+Parse.h */ = {isa = PBXFileReference; fileEncoding = 4; lastKnownFileType = sourcecode.c.h; path = "NSObject+Parse.h"; sourceTree = "<group>"; };
		A143FD581E063B96006D5EB8 /* NSObject+Parse.m */ = {isa = PBXFileReference; fileEncoding = 4; lastKnownFileType = sourcecode.c.objc; path = "NSObject+Parse.m"; sourceTree = "<group>"; };
		A143FD5A1E063F38006D5EB8 /* BaseNetmanager.h */ = {isa = PBXFileReference; fileEncoding = 4; lastKnownFileType = sourcecode.c.h; path = BaseNetmanager.h; sourceTree = "<group>"; };
		A143FD5B1E063F38006D5EB8 /* BaseNetmanager.m */ = {isa = PBXFileReference; fileEncoding = 4; lastKnownFileType = sourcecode.c.objc; path = BaseNetmanager.m; sourceTree = "<group>"; };
		A143FD5D1E06414E006D5EB8 /* NetManager.h */ = {isa = PBXFileReference; fileEncoding = 4; lastKnownFileType = sourcecode.c.h; path = NetManager.h; sourceTree = "<group>"; };
		A143FD5E1E06414E006D5EB8 /* NetManager.m */ = {isa = PBXFileReference; fileEncoding = 4; lastKnownFileType = sourcecode.c.objc; path = NetManager.m; sourceTree = "<group>"; };
		A143FD601E06427A006D5EB8 /* Define.h */ = {isa = PBXFileReference; lastKnownFileType = sourcecode.c.h; path = Define.h; sourceTree = "<group>"; };
		A1C9EE4E1E0D5E37002010DB /* PerfectCoupleCell.h */ = {isa = PBXFileReference; fileEncoding = 4; lastKnownFileType = sourcecode.c.h; path = PerfectCoupleCell.h; sourceTree = "<group>"; };
		A1C9EE4F1E0D5E37002010DB /* PerfectCoupleCell.m */ = {isa = PBXFileReference; fileEncoding = 4; lastKnownFileType = sourcecode.c.objc; path = PerfectCoupleCell.m; sourceTree = "<group>"; };
		A1DE29081E332AAB00EBCC99 /* SaveController.h */ = {isa = PBXFileReference; fileEncoding = 4; lastKnownFileType = sourcecode.c.h; path = SaveController.h; sourceTree = "<group>"; };
		A1DE29091E332AAB00EBCC99 /* SaveController.m */ = {isa = PBXFileReference; fileEncoding = 4; lastKnownFileType = sourcecode.c.objc; path = SaveController.m; sourceTree = "<group>"; };
		A1E556D61E4B49ED002AAB09 /* SaveModel.h */ = {isa = PBXFileReference; fileEncoding = 4; lastKnownFileType = sourcecode.c.h; path = SaveModel.h; sourceTree = "<group>"; };
		A1E556D71E4B49ED002AAB09 /* SaveModel.m */ = {isa = PBXFileReference; fileEncoding = 4; lastKnownFileType = sourcecode.c.objc; path = SaveModel.m; sourceTree = "<group>"; };
		A1EFC8671E053EF300161592 /* 极简壁纸.app */ = {isa = PBXFileReference; explicitFileType = wrapper.application; includeInIndex = 0; path = "极简壁纸.app"; sourceTree = BUILT_PRODUCTS_DIR; };
		A1EFC86B1E053EF300161592 /* main.m */ = {isa = PBXFileReference; lastKnownFileType = sourcecode.c.objc; path = main.m; sourceTree = "<group>"; };
		A1EFC86D1E053EF300161592 /* AppDelegate.h */ = {isa = PBXFileReference; lastKnownFileType = sourcecode.c.h; path = AppDelegate.h; sourceTree = "<group>"; };
		A1EFC86E1E053EF300161592 /* AppDelegate.m */ = {isa = PBXFileReference; lastKnownFileType = sourcecode.c.objc; path = AppDelegate.m; sourceTree = "<group>"; };
		A1EFC87B1E053EF300161592 /* Info.plist */ = {isa = PBXFileReference; lastKnownFileType = text.plist.xml; path = Info.plist; sourceTree = "<group>"; };
		A1EFC8881E05435600161592 /* PrefixHeader.pch */ = {isa = PBXFileReference; lastKnownFileType = sourcecode.c.h; path = PrefixHeader.pch; sourceTree = "<group>"; };
		A1EFC8971E05696200161592 /* RecommendedController.h */ = {isa = PBXFileReference; fileEncoding = 4; lastKnownFileType = sourcecode.c.h; path = RecommendedController.h; sourceTree = "<group>"; };
		A1EFC8981E05696200161592 /* RecommendedController.m */ = {isa = PBXFileReference; fileEncoding = 4; lastKnownFileType = sourcecode.c.objc; path = RecommendedController.m; sourceTree = "<group>"; };
		A1EFC89A1E05698C00161592 /* TopicController.h */ = {isa = PBXFileReference; fileEncoding = 4; lastKnownFileType = sourcecode.c.h; path = TopicController.h; sourceTree = "<group>"; };
		A1EFC89B1E05698C00161592 /* TopicController.m */ = {isa = PBXFileReference; fileEncoding = 4; lastKnownFileType = sourcecode.c.objc; path = TopicController.m; sourceTree = "<group>"; };
		A1EFC8A01E0569AF00161592 /* HomeScreenController.h */ = {isa = PBXFileReference; fileEncoding = 4; lastKnownFileType = sourcecode.c.h; path = HomeScreenController.h; sourceTree = "<group>"; };
		A1EFC8A11E0569AF00161592 /* HomeScreenController.m */ = {isa = PBXFileReference; fileEncoding = 4; lastKnownFileType = sourcecode.c.objc; path = HomeScreenController.m; sourceTree = "<group>"; };
		A1EFC8A31E0569CA00161592 /* LockedScreenController.h */ = {isa = PBXFileReference; fileEncoding = 4; lastKnownFileType = sourcecode.c.h; path = LockedScreenController.h; sourceTree = "<group>"; };
		A1EFC8A41E0569CA00161592 /* LockedScreenController.m */ = {isa = PBXFileReference; fileEncoding = 4; lastKnownFileType = sourcecode.c.objc; path = LockedScreenController.m; sourceTree = "<group>"; };
		A1EFC8A61E056A0200161592 /* PerfectCoupleController.h */ = {isa = PBXFileReference; fileEncoding = 4; lastKnownFileType = sourcecode.c.h; path = PerfectCoupleController.h; sourceTree = "<group>"; };
		A1EFC8A71E056A0200161592 /* PerfectCoupleController.m */ = {isa = PBXFileReference; fileEncoding = 4; lastKnownFileType = sourcecode.c.objc; path = PerfectCoupleController.m; sourceTree = "<group>"; };
		A1EFC8A91E056A3A00161592 /* PeopleWatchingController.h */ = {isa = PBXFileReference; fileEncoding = 4; lastKnownFileType = sourcecode.c.h; path = PeopleWatchingController.h; sourceTree = "<group>"; };
		A1EFC8AA1E056A3A00161592 /* PeopleWatchingController.m */ = {isa = PBXFileReference; fileEncoding = 4; lastKnownFileType = sourcecode.c.objc; path = PeopleWatchingController.m; sourceTree = "<group>"; };
		A1EFC8AC1E056A4E00161592 /* LatestController.h */ = {isa = PBXFileReference; fileEncoding = 4; lastKnownFileType = sourcecode.c.h; path = LatestController.h; sourceTree = "<group>"; };
		A1EFC8AD1E056A4E00161592 /* LatestController.m */ = {isa = PBXFileReference; fileEncoding = 4; lastKnownFileType = sourcecode.c.objc; path = LatestController.m; sourceTree = "<group>"; };
		A1EFC8AF1E056A6100161592 /* MostPopularController.h */ = {isa = PBXFileReference; fileEncoding = 4; lastKnownFileType = sourcecode.c.h; path = MostPopularController.h; sourceTree = "<group>"; };
		A1EFC8B01E056A6100161592 /* MostPopularController.m */ = {isa = PBXFileReference; fileEncoding = 4; lastKnownFileType = sourcecode.c.objc; path = MostPopularController.m; sourceTree = "<group>"; };
		A1EFC8B21E056A6D00161592 /* BoysController.h */ = {isa = PBXFileReference; fileEncoding = 4; lastKnownFileType = sourcecode.c.h; path = BoysController.h; sourceTree = "<group>"; };
		A1EFC8B31E056A6D00161592 /* BoysController.m */ = {isa = PBXFileReference; fileEncoding = 4; lastKnownFileType = sourcecode.c.objc; path = BoysController.m; sourceTree = "<group>"; };
		A1EFC8B51E056A7800161592 /* GirlsController.h */ = {isa = PBXFileReference; fileEncoding = 4; lastKnownFileType = sourcecode.c.h; path = GirlsController.h; sourceTree = "<group>"; };
		A1EFC8B61E056A7800161592 /* GirlsController.m */ = {isa = PBXFileReference; fileEncoding = 4; lastKnownFileType = sourcecode.c.objc; path = GirlsController.m; sourceTree = "<group>"; };
		A1EFC8B81E056A9900161592 /* WordWallpapersController.h */ = {isa = PBXFileReference; fileEncoding = 4; lastKnownFileType = sourcecode.c.h; path = WordWallpapersController.h; sourceTree = "<group>"; };
		A1EFC8B91E056A9900161592 /* WordWallpapersController.m */ = {isa = PBXFileReference; fileEncoding = 4; lastKnownFileType = sourcecode.c.objc; path = WordWallpapersController.m; sourceTree = "<group>"; };
		A1EFC8BB1E056AB200161592 /* ChatBackgroundsController.h */ = {isa = PBXFileReference; fileEncoding = 4; lastKnownFileType = sourcecode.c.h; path = ChatBackgroundsController.h; sourceTree = "<group>"; };
		A1EFC8BC1E056AB200161592 /* ChatBackgroundsController.m */ = {isa = PBXFileReference; fileEncoding = 4; lastKnownFileType = sourcecode.c.objc; path = ChatBackgroundsController.m; sourceTree = "<group>"; };
		A1EFC8BE1E056AC400161592 /* ProfilePicsController.h */ = {isa = PBXFileReference; fileEncoding = 4; lastKnownFileType = sourcecode.c.h; path = ProfilePicsController.h; sourceTree = "<group>"; };
		A1EFC8BF1E056AC400161592 /* ProfilePicsController.m */ = {isa = PBXFileReference; fileEncoding = 4; lastKnownFileType = sourcecode.c.objc; path = ProfilePicsController.m; sourceTree = "<group>"; };
		A1EFC8C21E056B1000161592 /* ViewControllerHeader.h */ = {isa = PBXFileReference; lastKnownFileType = sourcecode.c.h; path = ViewControllerHeader.h; sourceTree = "<group>"; };
		A1F0AB651E323DA400CABE27 /* ClearCacheTool.h */ = {isa = PBXFileReference; fileEncoding = 4; lastKnownFileType = sourcecode.c.h; path = ClearCacheTool.h; sourceTree = "<group>"; };
		A1F0AB661E323DA400CABE27 /* ClearCacheTool.m */ = {isa = PBXFileReference; fileEncoding = 4; lastKnownFileType = sourcecode.c.objc; path = ClearCacheTool.m; sourceTree = "<group>"; };
		A1FCC3971E0E1E5000C2AFC1 /* MostPopularLayout.h */ = {isa = PBXFileReference; fileEncoding = 4; lastKnownFileType = sourcecode.c.h; path = MostPopularLayout.h; sourceTree = "<group>"; };
		A1FCC3981E0E1E5000C2AFC1 /* MostPopularLayout.m */ = {isa = PBXFileReference; fileEncoding = 4; lastKnownFileType = sourcecode.c.objc; path = MostPopularLayout.m; sourceTree = "<group>"; };
		A1FCC39A1E0F9E4800C2AFC1 /* MostPopularCell.h */ = {isa = PBXFileReference; fileEncoding = 4; lastKnownFileType = sourcecode.c.h; path = MostPopularCell.h; sourceTree = "<group>"; };
		A1FCC39B1E0F9E4800C2AFC1 /* MostPopularCell.m */ = {isa = PBXFileReference; fileEncoding = 4; lastKnownFileType = sourcecode.c.objc; path = MostPopularCell.m; sourceTree = "<group>"; };
		A1FCC39E1E0FFA4E00C2AFC1 /* ProfilePicsLayout.h */ = {isa = PBXFileReference; fileEncoding = 4; lastKnownFileType = sourcecode.c.h; path = ProfilePicsLayout.h; sourceTree = "<group>"; };
		A1FCC39F1E0FFA4E00C2AFC1 /* ProfilePicsLayout.m */ = {isa = PBXFileReference; fileEncoding = 4; lastKnownFileType = sourcecode.c.objc; path = ProfilePicsLayout.m; sourceTree = "<group>"; };
		A1FCC3A11E0FFB0D00C2AFC1 /* ProfilePicCell.h */ = {isa = PBXFileReference; fileEncoding = 4; lastKnownFileType = sourcecode.c.h; path = ProfilePicCell.h; sourceTree = "<group>"; };
		A1FCC3A21E0FFB0D00C2AFC1 /* ProfilePicCell.m */ = {isa = PBXFileReference; fileEncoding = 4; lastKnownFileType = sourcecode.c.objc; path = ProfilePicCell.m; sourceTree = "<group>"; };
		A1FCC3A41E10043500C2AFC1 /* PicController.h */ = {isa = PBXFileReference; fileEncoding = 4; lastKnownFileType = sourcecode.c.h; path = PicController.h; sourceTree = "<group>"; };
		A1FCC3A51E10043500C2AFC1 /* PicController.m */ = {isa = PBXFileReference; fileEncoding = 4; lastKnownFileType = sourcecode.c.objc; path = PicController.m; sourceTree = "<group>"; };
		CC10060E6D2B4FB6E2707CBE /* libPods-极简壁纸.a */ = {isa = PBXFileReference; explicitFileType = archive.ar; includeInIndex = 0; path = "libPods-极简壁纸.a"; sourceTree = BUILT_PRODUCTS_DIR; };
		CE94BD93B5682723EE55A11A /* Pods-极简壁纸.release.xcconfig */ = {isa = PBXFileReference; includeInIndex = 1; lastKnownFileType = text.xcconfig; name = "Pods-极简壁纸.release.xcconfig"; path = "Pods/Target Support Files/Pods-极简壁纸/Pods-极简壁纸.release.xcconfig"; sourceTree = "<group>"; };
		D72259887EF7F6F292823AE1 /* Pods-极简壁纸.debug.xcconfig */ = {isa = PBXFileReference; includeInIndex = 1; lastKnownFileType = text.xcconfig; name = "Pods-极简壁纸.debug.xcconfig"; path = "Pods/Target Support Files/Pods-极简壁纸/Pods-极简壁纸.debug.xcconfig"; sourceTree = "<group>"; };
/* End PBXFileReference section */

/* Begin PBXFrameworksBuildPhase section */
		A1EFC8641E053EF300161592 /* Frameworks */ = {
			isa = PBXFrameworksBuildPhase;
			buildActionMask = 2147483647;
			files = (
				BBFCBBCD7FAF8323CA812228 /* libPods-极简壁纸.a in Frameworks */,
			);
			runOnlyForDeploymentPostprocessing = 0;
		};
/* End PBXFrameworksBuildPhase section */

/* Begin PBXGroup section */
		17A667EC6E2FEE5671C24E9C /* Pods */ = {
			isa = PBXGroup;
			children = (
				D72259887EF7F6F292823AE1 /* Pods-极简壁纸.debug.xcconfig */,
				CE94BD93B5682723EE55A11A /* Pods-极简壁纸.release.xcconfig */,
			);
			name = Pods;
			sourceTree = "<group>";
		};
		431FFE591E0A2FA8007A8EDC /* 1推荐&6全民看点&7最新图集 */ = {
			isa = PBXGroup;
			children = (
				431FFE691E0A2FE1007A8EDC /* FiveCell.h */,
				431FFE6A1E0A2FE1007A8EDC /* FiveCell.m */,
				431FFE6B1E0A2FE1007A8EDC /* NineCell.h */,
				431FFE6C1E0A2FE1007A8EDC /* NineCell.m */,
				431FFE6D1E0A2FE1007A8EDC /* SixCell.h */,
				431FFE6E1E0A2FE1007A8EDC /* SixCell.m */,
				431FFE6F1E0A2FE1007A8EDC /* ThreeCell.h */,
				431FFE701E0A2FE1007A8EDC /* ThreeCell.m */,
				431FFE711E0A2FE1007A8EDC /* TwoCell.h */,
				431FFE721E0A2FE1007A8EDC /* TwoCell.m */,
			);
			name = "1推荐&6全民看点&7最新图集";
			path = "1推荐";
			sourceTree = "<group>";
		};
		431FFE781E0A2FFB007A8EDC /* 2主题套图 */ = {
			isa = PBXGroup;
			children = (
				431FFE791E0A3020007A8EDC /* TopicCell.h */,
				431FFE7A1E0A3020007A8EDC /* TopicCell.m */,
			);
			path = "2主题套图";
			sourceTree = "<group>";
		};
		4363612F1E0B61CC0068A043 /* 3锁屏&4主屏&12聊天背景 */ = {
			isa = PBXGroup;
			children = (
				436361301E0B626B0068A043 /* LockScreenLayout.h */,
				436361311E0B626B0068A043 /* LockScreenLayout.m */,
				436361331E0B67610068A043 /* LockScreenCell.h */,
				436361341E0B67610068A043 /* LockScreenCell.m */,
			);
			name = "3锁屏&4主屏&12聊天背景";
			path = "3锁屏";
			sourceTree = "<group>";
		};
		436361361E0B69D70068A043 /* 数组套数组的特殊model */ = {
			isa = PBXGroup;
			children = (
				436361371E0B6FEE0068A043 /* LockScreenModel.h */,
				436361381E0B6FEE0068A043 /* LockScreenModel.m */,
			);
			name = "数组套数组的特殊model";
			path = "锁屏页的特殊model";
			sourceTree = "<group>";
		};
		A1C9EE4D1E0D5E11002010DB /* 5天生一对 */ = {
			isa = PBXGroup;
			children = (
				A1C9EE4E1E0D5E37002010DB /* PerfectCoupleCell.h */,
				A1C9EE4F1E0D5E37002010DB /* PerfectCoupleCell.m */,
			);
			path = "5天生一对";
			sourceTree = "<group>";
		};
		A1EFC85E1E053EF200161592 = {
			isa = PBXGroup;
			children = (
				A1EFC8691E053EF300161592 /* 极简壁纸 */,
				A1EFC8681E053EF300161592 /* Products */,
				17A667EC6E2FEE5671C24E9C /* Pods */,
				AACFA0FD5F367C97A3927CD9 /* Frameworks */,
			);
			sourceTree = "<group>";
		};
		A1EFC8681E053EF300161592 /* Products */ = {
			isa = PBXGroup;
			children = (
				A1EFC8671E053EF300161592 /* 极简壁纸.app */,
			);
			name = Products;
			sourceTree = "<group>";
		};
		A1EFC8691E053EF300161592 /* 极简壁纸 */ = {
			isa = PBXGroup;
			children = (
				A1EFC86D1E053EF300161592 /* AppDelegate.h */,
				A1EFC86E1E053EF300161592 /* AppDelegate.m */,
				A143FD601E06427A006D5EB8 /* Define.h */,
				4342C40D1E31C2FE001649AB /* DefineAppKey.h */,
				A1EFC8811E05431900161592 /* Category */,
				A1EFC8821E05431900161592 /* Model */,
				A1EFC8831E05431900161592 /* NetManager */,
				A1EFC8841E05431900161592 /* Resource */,
				A1EFC8851E05431900161592 /* Vendor */,
				A1EFC8861E05431900161592 /* View */,
				A1EFC8871E05431900161592 /* ViewController */,
				A1EFC86A1E053EF300161592 /* Supporting Files */,
			);
			path = "极简壁纸";
			sourceTree = "<group>";
		};
		A1EFC86A1E053EF300161592 /* Supporting Files */ = {
			isa = PBXGroup;
			children = (
				A1EFC86B1E053EF300161592 /* main.m */,
				A1EFC87B1E053EF300161592 /* Info.plist */,
				A1EFC8881E05435600161592 /* PrefixHeader.pch */,
			);
			name = "Supporting Files";
			sourceTree = "<group>";
		};
		A1EFC8811E05431900161592 /* Category */ = {
			isa = PBXGroup;
			children = (
				A143FD541E063B28006D5EB8 /* NSString+WF.h */,
				A143FD551E063B28006D5EB8 /* NSString+WF.m */,
				A143FD571E063B96006D5EB8 /* NSObject+Parse.h */,
				A143FD581E063B96006D5EB8 /* NSObject+Parse.m */,
				4328E1DE1E2C753000BED896 /* UIView+HUD.h */,
				4328E1DF1E2C753000BED896 /* UIView+HUD.m */,
			);
			path = Category;
			sourceTree = "<group>";
		};
		A1EFC8821E05431900161592 /* Model */ = {
			isa = PBXGroup;
			children = (
				436361361E0B69D70068A043 /* 数组套数组的特殊model */,
				A143FD511E062828006D5EB8 /* WallpaperModel.h */,
				A143FD521E062828006D5EB8 /* WallpaperModel.m */,
				A1E556D61E4B49ED002AAB09 /* SaveModel.h */,
				A1E556D71E4B49ED002AAB09 /* SaveModel.m */,
			);
			path = Model;
			sourceTree = "<group>";
		};
		A1EFC8831E05431900161592 /* NetManager */ = {
			isa = PBXGroup;
			children = (
				A143FD5A1E063F38006D5EB8 /* BaseNetmanager.h */,
				A143FD5B1E063F38006D5EB8 /* BaseNetmanager.m */,
				A143FD5D1E06414E006D5EB8 /* NetManager.h */,
				A143FD5E1E06414E006D5EB8 /* NetManager.m */,
			);
			path = NetManager;
			sourceTree = "<group>";
		};
		A1EFC8841E05431900161592 /* Resource */ = {
			isa = PBXGroup;
			children = (
				4363612D1E0B5A410068A043 /* Assets.xcassets */,
				A110BEFA1E4CAA2C00218222 /* Launch Screen.storyboard */,
			);
			path = Resource;
			sourceTree = "<group>";
		};
		A1EFC8851E05431900161592 /* Vendor */ = {
			isa = PBXGroup;
			children = (
			);
			path = Vendor;
			sourceTree = "<group>";
		};
		A1EFC8861E05431900161592 /* View */ = {
			isa = PBXGroup;
			children = (
				431FFE591E0A2FA8007A8EDC /* 1推荐&6全民看点&7最新图集 */,
				431FFE781E0A2FFB007A8EDC /* 2主题套图 */,
				4363612F1E0B61CC0068A043 /* 3锁屏&4主屏&12聊天背景 */,
				A1C9EE4D1E0D5E11002010DB /* 5天生一对 */,
				A1FCC3961E0E1D8800C2AFC1 /* 8最热&9男生请进&10女生请进&11文字壁纸&收藏 */,
				A1FCC39D1E0FFA1C00C2AFC1 /* 13头像 */,
			);
			path = View;
			sourceTree = "<group>";
		};
		A1EFC8871E05431900161592 /* ViewController */ = {
			isa = PBXGroup;
			children = (
				A1EFC88A1E05691800161592 /* 1推荐 */,
				A1EFC88B1E05691800161592 /* 2主题套图 */,
				A1EFC88C1E05691800161592 /* 3锁屏 */,
				A1EFC88D1E05691800161592 /* 4主屏 */,
				A1EFC88E1E05691800161592 /* 5天生一对 */,
				A1EFC88F1E05691800161592 /* 6全民看点 */,
				A1EFC8901E05691800161592 /* 7最新图集 */,
				A1EFC8911E05691800161592 /* 8最热 */,
				A1EFC8921E05691800161592 /* 9男生请进 */,
				A1EFC8931E05691800161592 /* 10女生请进 */,
				A1EFC8941E05691800161592 /* 11文字壁纸 */,
				A1EFC8951E05691800161592 /* 12聊天背景 */,
				A1EFC8961E05691800161592 /* 13头像 */,
				A1FCC3A41E10043500C2AFC1 /* PicController.h */,
				A1FCC3A51E10043500C2AFC1 /* PicController.m */,
				A1DE29081E332AAB00EBCC99 /* SaveController.h */,
				A1DE29091E332AAB00EBCC99 /* SaveController.m */,
				A1F0AB651E323DA400CABE27 /* ClearCacheTool.h */,
				A1F0AB661E323DA400CABE27 /* ClearCacheTool.m */,
				A1EFC8C21E056B1000161592 /* ViewControllerHeader.h */,
			);
			path = ViewController;
			sourceTree = "<group>";
		};
		A1EFC88A1E05691800161592 /* 1推荐 */ = {
			isa = PBXGroup;
			children = (
				A1EFC8971E05696200161592 /* RecommendedController.h */,
				A1EFC8981E05696200161592 /* RecommendedController.m */,
			);
			path = "1推荐";
			sourceTree = "<group>";
		};
		A1EFC88B1E05691800161592 /* 2主题套图 */ = {
			isa = PBXGroup;
			children = (
				A1EFC89A1E05698C00161592 /* TopicController.h */,
				A1EFC89B1E05698C00161592 /* TopicController.m */,
			);
			path = "2主题套图";
			sourceTree = "<group>";
		};
		A1EFC88C1E05691800161592 /* 3锁屏 */ = {
			isa = PBXGroup;
			children = (
				A1EFC8A31E0569CA00161592 /* LockedScreenController.h */,
				A1EFC8A41E0569CA00161592 /* LockedScreenController.m */,
			);
			path = "3锁屏";
			sourceTree = "<group>";
		};
		A1EFC88D1E05691800161592 /* 4主屏 */ = {
			isa = PBXGroup;
			children = (
				A1EFC8A01E0569AF00161592 /* HomeScreenController.h */,
				A1EFC8A11E0569AF00161592 /* HomeScreenController.m */,
			);
			path = "4主屏";
			sourceTree = "<group>";
		};
		A1EFC88E1E05691800161592 /* 5天生一对 */ = {
			isa = PBXGroup;
			children = (
				A1EFC8A61E056A0200161592 /* PerfectCoupleController.h */,
				A1EFC8A71E056A0200161592 /* PerfectCoupleController.m */,
			);
			path = "5天生一对";
			sourceTree = "<group>";
		};
		A1EFC88F1E05691800161592 /* 6全民看点 */ = {
			isa = PBXGroup;
			children = (
				A1EFC8A91E056A3A00161592 /* PeopleWatchingController.h */,
				A1EFC8AA1E056A3A00161592 /* PeopleWatchingController.m */,
			);
			path = "6全民看点";
			sourceTree = "<group>";
		};
		A1EFC8901E05691800161592 /* 7最新图集 */ = {
			isa = PBXGroup;
			children = (
				A1EFC8AC1E056A4E00161592 /* LatestController.h */,
				A1EFC8AD1E056A4E00161592 /* LatestController.m */,
			);
			path = "7最新图集";
			sourceTree = "<group>";
		};
		A1EFC8911E05691800161592 /* 8最热 */ = {
			isa = PBXGroup;
			children = (
				A1EFC8AF1E056A6100161592 /* MostPopularController.h */,
				A1EFC8B01E056A6100161592 /* MostPopularController.m */,
			);
			path = "8最热";
			sourceTree = "<group>";
		};
		A1EFC8921E05691800161592 /* 9男生请进 */ = {
			isa = PBXGroup;
			children = (
				A1EFC8B21E056A6D00161592 /* BoysController.h */,
				A1EFC8B31E056A6D00161592 /* BoysController.m */,
			);
			path = "9男生请进";
			sourceTree = "<group>";
		};
		A1EFC8931E05691800161592 /* 10女生请进 */ = {
			isa = PBXGroup;
			children = (
				A1EFC8B51E056A7800161592 /* GirlsController.h */,
				A1EFC8B61E056A7800161592 /* GirlsController.m */,
			);
			path = "10女生请进";
			sourceTree = "<group>";
		};
		A1EFC8941E05691800161592 /* 11文字壁纸 */ = {
			isa = PBXGroup;
			children = (
				A1EFC8B81E056A9900161592 /* WordWallpapersController.h */,
				A1EFC8B91E056A9900161592 /* WordWallpapersController.m */,
			);
			path = "11文字壁纸";
			sourceTree = "<group>";
		};
		A1EFC8951E05691800161592 /* 12聊天背景 */ = {
			isa = PBXGroup;
			children = (
				A1EFC8BB1E056AB200161592 /* ChatBackgroundsController.h */,
				A1EFC8BC1E056AB200161592 /* ChatBackgroundsController.m */,
			);
			path = "12聊天背景";
			sourceTree = "<group>";
		};
		A1EFC8961E05691800161592 /* 13头像 */ = {
			isa = PBXGroup;
			children = (
				A1EFC8BE1E056AC400161592 /* ProfilePicsController.h */,
				A1EFC8BF1E056AC400161592 /* ProfilePicsController.m */,
			);
			path = "13头像";
			sourceTree = "<group>";
		};
		A1FCC3961E0E1D8800C2AFC1 /* 8最热&9男生请进&10女生请进&11文字壁纸&收藏 */ = {
			isa = PBXGroup;
			children = (
				A1FCC3971E0E1E5000C2AFC1 /* MostPopularLayout.h */,
				A1FCC3981E0E1E5000C2AFC1 /* MostPopularLayout.m */,
				A1FCC39A1E0F9E4800C2AFC1 /* MostPopularCell.h */,
				A1FCC39B1E0F9E4800C2AFC1 /* MostPopularCell.m */,
			);
			name = "8最热&9男生请进&10女生请进&11文字壁纸&收藏";
			path = "8最热";
			sourceTree = "<group>";
		};
		A1FCC39D1E0FFA1C00C2AFC1 /* 13头像 */ = {
			isa = PBXGroup;
			children = (
				A1FCC39E1E0FFA4E00C2AFC1 /* ProfilePicsLayout.h */,
				A1FCC39F1E0FFA4E00C2AFC1 /* ProfilePicsLayout.m */,
				A1FCC3A11E0FFB0D00C2AFC1 /* ProfilePicCell.h */,
				A1FCC3A21E0FFB0D00C2AFC1 /* ProfilePicCell.m */,
			);
			path = "13头像";
			sourceTree = "<group>";
		};
		AACFA0FD5F367C97A3927CD9 /* Frameworks */ = {
			isa = PBXGroup;
			children = (
				CC10060E6D2B4FB6E2707CBE /* libPods-极简壁纸.a */,
			);
			name = Frameworks;
			sourceTree = "<group>";
		};
/* End PBXGroup section */

/* Begin PBXNativeTarget section */
		A1EFC8661E053EF300161592 /* 极简壁纸 */ = {
			isa = PBXNativeTarget;
			buildConfigurationList = A1EFC87E1E053EF300161592 /* Build configuration list for PBXNativeTarget "极简壁纸" */;
			buildPhases = (
				A4ADC161B6D723B8172E272D /* [CP] Check Pods Manifest.lock */,
				A1EFC8631E053EF300161592 /* Sources */,
				A1EFC8641E053EF300161592 /* Frameworks */,
				A1EFC8651E053EF300161592 /* Resources */,
				ABF1595E82AB60666F6F501E /* [CP] Embed Pods Frameworks */,
				84C66184532A67888A24C8A8 /* [CP] Copy Pods Resources */,
			);
			buildRules = (
			);
			dependencies = (
			);
			name = "极简壁纸";
			productName = "极简壁纸";
			productReference = A1EFC8671E053EF300161592 /* 极简壁纸.app */;
			productType = "com.apple.product-type.application";
		};
/* End PBXNativeTarget section */

/* Begin PBXProject section */
		A1EFC85F1E053EF200161592 /* Project object */ = {
			isa = PBXProject;
			attributes = {
				LastUpgradeCheck = 0810;
				ORGANIZATIONNAME = "璠 王";
				TargetAttributes = {
					A1EFC8661E053EF300161592 = {
						CreatedOnToolsVersion = 8.1;
						DevelopmentTeam = 2L4DQWLA79;
						ProvisioningStyle = Automatic;
					};
				};
			};
			buildConfigurationList = A1EFC8621E053EF200161592 /* Build configuration list for PBXProject "极简壁纸" */;
			compatibilityVersion = "Xcode 3.2";
			developmentRegion = English;
			hasScannedForEncodings = 0;
			knownRegions = (
				en,
				Base,
			);
			mainGroup = A1EFC85E1E053EF200161592;
			productRefGroup = A1EFC8681E053EF300161592 /* Products */;
			projectDirPath = "";
			projectRoot = "";
			targets = (
				A1EFC8661E053EF300161592 /* 极简壁纸 */,
			);
		};
/* End PBXProject section */

/* Begin PBXResourcesBuildPhase section */
		A1EFC8651E053EF300161592 /* Resources */ = {
			isa = PBXResourcesBuildPhase;
			buildActionMask = 2147483647;
			files = (
				A110BEFB1E4CAA2C00218222 /* Launch Screen.storyboard in Resources */,
				4363612E1E0B5A410068A043 /* Assets.xcassets in Resources */,
			);
			runOnlyForDeploymentPostprocessing = 0;
		};
/* End PBXResourcesBuildPhase section */

/* Begin PBXShellScriptBuildPhase section */
		84C66184532A67888A24C8A8 /* [CP] Copy Pods Resources */ = {
			isa = PBXShellScriptBuildPhase;
			buildActionMask = 2147483647;
			files = (
			);
			inputPaths = (
			);
			name = "[CP] Copy Pods Resources";
			outputPaths = (
			);
			runOnlyForDeploymentPostprocessing = 0;
			shellPath = /bin/sh;
			shellScript = "\"${SRCROOT}/Pods/Target Support Files/Pods-极简壁纸/Pods-极简壁纸-resources.sh\"\n";
			showEnvVarsInLog = 0;
		};
		A4ADC161B6D723B8172E272D /* [CP] Check Pods Manifest.lock */ = {
			isa = PBXShellScriptBuildPhase;
			buildActionMask = 2147483647;
			files = (
			);
			inputPaths = (
			);
			name = "[CP] Check Pods Manifest.lock";
			outputPaths = (
			);
			runOnlyForDeploymentPostprocessing = 0;
			shellPath = /bin/sh;
			shellScript = "diff \"${PODS_ROOT}/../Podfile.lock\" \"${PODS_ROOT}/Manifest.lock\" > /dev/null\nif [ $? != 0 ] ; then\n    # print error to STDERR\n    echo \"error: The sandbox is not in sync with the Podfile.lock. Run 'pod install' or update your CocoaPods installation.\" >&2\n    exit 1\nfi\n";
			showEnvVarsInLog = 0;
		};
		ABF1595E82AB60666F6F501E /* [CP] Embed Pods Frameworks */ = {
			isa = PBXShellScriptBuildPhase;
			buildActionMask = 2147483647;
			files = (
			);
			inputPaths = (
			);
			name = "[CP] Embed Pods Frameworks";
			outputPaths = (
			);
			runOnlyForDeploymentPostprocessing = 0;
			shellPath = /bin/sh;
			shellScript = "\"${SRCROOT}/Pods/Target Support Files/Pods-极简壁纸/Pods-极简壁纸-frameworks.sh\"\n";
			showEnvVarsInLog = 0;
		};
/* End PBXShellScriptBuildPhase section */

/* Begin PBXSourcesBuildPhase section */
		A1EFC8631E053EF300161592 /* Sources */ = {
			isa = PBXSourcesBuildPhase;
			buildActionMask = 2147483647;
			files = (
				4328E1E01E2C753000BED896 /* UIView+HUD.m in Sources */,
				431FFE771E0A2FE1007A8EDC /* TwoCell.m in Sources */,
				A1EFC86F1E053EF300161592 /* AppDelegate.m in Sources */,
				A1FCC39C1E0F9E4800C2AFC1 /* MostPopularCell.m in Sources */,
				A143FD5F1E06414E006D5EB8 /* NetManager.m in Sources */,
				A1EFC8B71E056A7800161592 /* GirlsController.m in Sources */,
				A1F0AB671E323DA400CABE27 /* ClearCacheTool.m in Sources */,
				A1FCC3A61E10043500C2AFC1 /* PicController.m in Sources */,
				A1EFC86C1E053EF300161592 /* main.m in Sources */,
				A1EFC8991E05696200161592 /* RecommendedController.m in Sources */,
				A143FD531E062828006D5EB8 /* WallpaperModel.m in Sources */,
				A1EFC8C01E056AC400161592 /* ProfilePicsController.m in Sources */,
				A1EFC8AB1E056A3A00161592 /* PeopleWatchingController.m in Sources */,
				A1EFC8A21E0569AF00161592 /* HomeScreenController.m in Sources */,
				A1EFC8BA1E056A9900161592 /* WordWallpapersController.m in Sources */,
				A1EFC89C1E05698C00161592 /* TopicController.m in Sources */,
				A143FD561E063B28006D5EB8 /* NSString+WF.m in Sources */,
				A1FCC3991E0E1E5000C2AFC1 /* MostPopularLayout.m in Sources */,
				431FFE731E0A2FE1007A8EDC /* FiveCell.m in Sources */,
				431FFE741E0A2FE1007A8EDC /* NineCell.m in Sources */,
				431FFE761E0A2FE1007A8EDC /* ThreeCell.m in Sources */,
				431FFE751E0A2FE1007A8EDC /* SixCell.m in Sources */,
				A1E556D81E4B49ED002AAB09 /* SaveModel.m in Sources */,
				436361391E0B6FEE0068A043 /* LockScreenModel.m in Sources */,
				436361321E0B626B0068A043 /* LockScreenLayout.m in Sources */,
				A1EFC8AE1E056A4E00161592 /* LatestController.m in Sources */,
				A1EFC8A81E056A0200161592 /* PerfectCoupleController.m in Sources */,
				436361351E0B67610068A043 /* LockScreenCell.m in Sources */,
				A143FD5C1E063F38006D5EB8 /* BaseNetmanager.m in Sources */,
				A1EFC8B41E056A6D00161592 /* BoysController.m in Sources */,
				A1FCC3A31E0FFB0D00C2AFC1 /* ProfilePicCell.m in Sources */,
				A1EFC8BD1E056AB200161592 /* ChatBackgroundsController.m in Sources */,
				A143FD591E063B96006D5EB8 /* NSObject+Parse.m in Sources */,
				A1DE290A1E332AAB00EBCC99 /* SaveController.m in Sources */,
				A1EFC8B11E056A6100161592 /* MostPopularController.m in Sources */,
				A1EFC8A51E0569CA00161592 /* LockedScreenController.m in Sources */,
				431FFE7B1E0A3020007A8EDC /* TopicCell.m in Sources */,
				A1FCC3A01E0FFA4E00C2AFC1 /* ProfilePicsLayout.m in Sources */,
				A1C9EE501E0D5E37002010DB /* PerfectCoupleCell.m in Sources */,
			);
			runOnlyForDeploymentPostprocessing = 0;
		};
/* End PBXSourcesBuildPhase section */

/* Begin XCBuildConfiguration section */
		A1EFC87C1E053EF300161592 /* Debug */ = {
			isa = XCBuildConfiguration;
			buildSettings = {
				ALWAYS_SEARCH_USER_PATHS = NO;
				CLANG_ANALYZER_NONNULL = YES;
				CLANG_CXX_LANGUAGE_STANDARD = "gnu++0x";
				CLANG_CXX_LIBRARY = "libc++";
				CLANG_ENABLE_MODULES = YES;
				CLANG_ENABLE_OBJC_ARC = YES;
				CLANG_WARN_BOOL_CONVERSION = YES;
				CLANG_WARN_CONSTANT_CONVERSION = YES;
				CLANG_WARN_DIRECT_OBJC_ISA_USAGE = YES_ERROR;
				CLANG_WARN_DOCUMENTATION_COMMENTS = YES;
				CLANG_WARN_EMPTY_BODY = YES;
				CLANG_WARN_ENUM_CONVERSION = YES;
				CLANG_WARN_INFINITE_RECURSION = YES;
				CLANG_WARN_INT_CONVERSION = YES;
				CLANG_WARN_OBJC_ROOT_CLASS = YES_ERROR;
				CLANG_WARN_SUSPICIOUS_MOVE = YES;
				CLANG_WARN_SUSPICIOUS_MOVES = YES;
				CLANG_WARN_UNREACHABLE_CODE = YES;
				CLANG_WARN__DUPLICATE_METHOD_MATCH = YES;
				"CODE_SIGN_IDENTITY[sdk=iphoneos*]" = "iPhone Developer";
				COPY_PHASE_STRIP = NO;
				DEBUG_INFORMATION_FORMAT = dwarf;
				DEVELOPMENT_TEAM = 2L4DQWLA79;
				ENABLE_STRICT_OBJC_MSGSEND = YES;
				ENABLE_TESTABILITY = YES;
				GCC_C_LANGUAGE_STANDARD = gnu99;
				GCC_DYNAMIC_NO_PIC = NO;
				GCC_NO_COMMON_BLOCKS = YES;
				GCC_OPTIMIZATION_LEVEL = 0;
				GCC_PREPROCESSOR_DEFINITIONS = (
					"DEBUG=1",
					"$(inherited)",
				);
				GCC_WARN_64_TO_32_BIT_CONVERSION = YES;
				GCC_WARN_ABOUT_RETURN_TYPE = YES_ERROR;
				GCC_WARN_UNDECLARED_SELECTOR = YES;
				GCC_WARN_UNINITIALIZED_AUTOS = YES_AGGRESSIVE;
				GCC_WARN_UNUSED_FUNCTION = YES;
				GCC_WARN_UNUSED_VARIABLE = YES;
				IPHONEOS_DEPLOYMENT_TARGET = 10.1;
				MTL_ENABLE_DEBUG_INFO = YES;
				ONLY_ACTIVE_ARCH = YES;
				"PROVISIONING_PROFILE_SPECIFIER[sdk=iphoneos*]" = "";
				SDKROOT = iphoneos;
			};
			name = Debug;
		};
		A1EFC87D1E053EF300161592 /* Release */ = {
			isa = XCBuildConfiguration;
			buildSettings = {
				ALWAYS_SEARCH_USER_PATHS = NO;
				CLANG_ANALYZER_NONNULL = YES;
				CLANG_CXX_LANGUAGE_STANDARD = "gnu++0x";
				CLANG_CXX_LIBRARY = "libc++";
				CLANG_ENABLE_MODULES = YES;
				CLANG_ENABLE_OBJC_ARC = YES;
				CLANG_WARN_BOOL_CONVERSION = YES;
				CLANG_WARN_CONSTANT_CONVERSION = YES;
				CLANG_WARN_DIRECT_OBJC_ISA_USAGE = YES_ERROR;
				CLANG_WARN_DOCUMENTATION_COMMENTS = YES;
				CLANG_WARN_EMPTY_BODY = YES;
				CLANG_WARN_ENUM_CONVERSION = YES;
				CLANG_WARN_INFINITE_RECURSION = YES;
				CLANG_WARN_INT_CONVERSION = YES;
				CLANG_WARN_OBJC_ROOT_CLASS = YES_ERROR;
				CLANG_WARN_SUSPICIOUS_MOVE = YES;
				CLANG_WARN_SUSPICIOUS_MOVES = YES;
				CLANG_WARN_UNREACHABLE_CODE = YES;
				CLANG_WARN__DUPLICATE_METHOD_MATCH = YES;
				"CODE_SIGN_IDENTITY[sdk=iphoneos*]" = "iPhone Developer";
				COPY_PHASE_STRIP = NO;
				DEBUG_INFORMATION_FORMAT = "dwarf-with-dsym";
				DEVELOPMENT_TEAM = 2L4DQWLA79;
				ENABLE_NS_ASSERTIONS = NO;
				ENABLE_STRICT_OBJC_MSGSEND = YES;
				GCC_C_LANGUAGE_STANDARD = gnu99;
				GCC_NO_COMMON_BLOCKS = YES;
				GCC_WARN_64_TO_32_BIT_CONVERSION = YES;
				GCC_WARN_ABOUT_RETURN_TYPE = YES_ERROR;
				GCC_WARN_UNDECLARED_SELECTOR = YES;
				GCC_WARN_UNINITIALIZED_AUTOS = YES_AGGRESSIVE;
				GCC_WARN_UNUSED_FUNCTION = YES;
				GCC_WARN_UNUSED_VARIABLE = YES;
				IPHONEOS_DEPLOYMENT_TARGET = 10.1;
				MTL_ENABLE_DEBUG_INFO = NO;
				ONLY_ACTIVE_ARCH = NO;
				"PROVISIONING_PROFILE_SPECIFIER[sdk=*]" = "";
				SDKROOT = iphoneos;
				VALIDATE_PRODUCT = YES;
			};
			name = Release;
		};
		A1EFC87F1E053EF300161592 /* Debug */ = {
			isa = XCBuildConfiguration;
			baseConfigurationReference = D72259887EF7F6F292823AE1 /* Pods-极简壁纸.debug.xcconfig */;
			buildSettings = {
				ASSETCATALOG_COMPILER_APPICON_NAME = AppIcon;
				DEVELOPMENT_TEAM = 2L4DQWLA79;
				GCC_PREFIX_HEADER = "$(PRODUCT_NAME)/PrefixHeader.pch";
				INFOPLIST_FILE = "极简壁纸/Info.plist";
				IPHONEOS_DEPLOYMENT_TARGET = 8.0;
				LD_RUNPATH_SEARCH_PATHS = "$(inherited) @executable_path/Frameworks";
				PRODUCT_BUNDLE_IDENTIFIER = com.wf.SimpleWallpaper;
				PRODUCT_NAME = "$(TARGET_NAME)";
				TARGETED_DEVICE_FAMILY = 1;
			};
			name = Debug;
		};
		A1EFC8801E053EF300161592 /* Release */ = {
			isa = XCBuildConfiguration;
			baseConfigurationReference = CE94BD93B5682723EE55A11A /* Pods-极简壁纸.release.xcconfig */;
			buildSettings = {
				ASSETCATALOG_COMPILER_APPICON_NAME = AppIcon;
				DEVELOPMENT_TEAM = 2L4DQWLA79;
				GCC_PREFIX_HEADER = "$(PRODUCT_NAME)/PrefixHeader.pch";
				INFOPLIST_FILE = "极简壁纸/Info.plist";
				IPHONEOS_DEPLOYMENT_TARGET = 8.0;
				LD_RUNPATH_SEARCH_PATHS = "$(inherited) @executable_path/Frameworks";
				PRODUCT_BUNDLE_IDENTIFIER = com.wf.SimpleWallpaper;
				PRODUCT_NAME = "$(TARGET_NAME)";
				TARGETED_DEVICE_FAMILY = 1;
			};
			name = Release;
		};
/* End XCBuildConfiguration section */

/* Begin XCConfigurationList section */
		A1EFC8621E053EF200161592 /* Build configuration list for PBXProject "极简壁纸" */ = {
			isa = XCConfigurationList;
			buildConfigurations = (
				A1EFC87C1E053EF300161592 /* Debug */,
				A1EFC87D1E053EF300161592 /* Release */,
			);
			defaultConfigurationIsVisible = 0;
			defaultConfigurationName = Release;
		};
		A1EFC87E1E053EF300161592 /* Build configuration list for PBXNativeTarget "极简壁纸" */ = {
			isa = XCConfigurationList;
			buildConfigurations = (
				A1EFC87F1E053EF300161592 /* Debug */,
				A1EFC8801E053EF300161592 /* Release */,
			);
			defaultConfigurationIsVisible = 0;
			defaultConfigurationName = Release;
		};
/* End XCConfigurationList section */
	};
	rootObject = A1EFC85F1E053EF200161592 /* Project object */;
}
